<?xml version="1.0" encoding="utf-8"?>
<Project ToolsVersion="4.0" xmlns="http://schemas.microsoft.com/developer/msbuild/2003">
  <ItemGroup>
    <Filter Include="include">
      <UniqueIdentifier>{b31901fd-f725-4329-9529-05b1b8287740}</UniqueIdentifier>
    </Filter>
    <Filter Include="source">
      <UniqueIdentifier>{93b329b2-20a1-4afd-9059-a627155e7926}</UniqueIdentifier>
    </Filter>
    <Filter Include="dependencies">
      <UniqueIdentifier>{ab5a0b1b-bc5d-43d0-800c-0b38d9955d60}</UniqueIdentifier>
    </Filter>
    <Filter Include="dependencies\glad">
      <UniqueIdentifier>{5be977ea-a3ec-4325-91c1-4a1e166015e3}</UniqueIdentifier>
    </Filter>
    <Filter Include="dependencies\imgui">
      <UniqueIdentifier>{edb317fc-1ca7-4bd4-9024-a156b03b01fe}</UniqueIdentifier>
    </Filter>
  </ItemGroup>
  <ItemGroup>
    <ClInclude Include="include\window.h">
      <Filter>include</Filter>
    </ClInclude>
    <ClInclude Include="include\derived.h">
      <Filter>include</Filter>
    </ClInclude>
    <ClInclude Include="include\intern.h">
      <Filter>include</Filter>
    </ClInclude>
    <ClInclude Include="include\base.h">
      <Filter>include</Filter>
    </ClInclude>
  </ItemGroup>
  <ItemGroup>
    <ClCompile Include="source\main.cpp">
      <Filter>source</Filter>
    </ClCompile>
    <ClCompile Include="..\..\Dependencies\Include\glad\glad.c">
      <Filter>dependencies\glad</Filter>
    </ClCompile>
    <ClCompile Include="source\window.cpp">
      <Filter>source</Filter>
    </ClCompile>
    <ClCompile Include="..\..\Dependencies\Include\imgui\imgui_impl_glfw.cpp">
      <Filter>dependencies\imgui</Filter>
    </ClCompile>
    <ClCompile Include="..\..\Dependencies\Include\imgui\imgui_impl_opengl3.cpp">
      <Filter>dependencies\imgui</Filter>
    </ClCompile>
    <ClCompile Include="..\..\Dependencies\Include\imgui\imgui.cpp">
      <Filter>dependencies\imgui</Filter>
    </ClCompile>
    <ClCompile Include="source\derived.cpp">
      <Filter>source</Filter>
    </ClCompile>
    <ClCompile Include="source\intern.cpp">
      <Filter>source</Filter>
    </ClCompile>
    <ClCompile Include="source\base.cpp">
      <Filter>source</Filter>
    </ClCompile>
    <ClCompile Include="..\..\Dependencies\Include\imgui\imgui_draw.cpp">
      <Filter>dependencies\imgui</Filter>
    </ClCompile>
    <ClCompile Include="..\..\Dependencies\Include\imgui\imgui_widgets.cpp">
      <Filter>dependencies\imgui</Filter>
    </ClCompile>
    <ClCompile Include="..\..\Dependencies\Include\imgui\imgui_demo.cpp">
      <Filter>dependencies\imgui</Filter>
    </ClCompile>
  </ItemGroup>
</Project>