<?xml version="1.0" encoding="utf-8"?>
<Project ToolsVersion="4.0" xmlns="http://schemas.microsoft.com/developer/msbuild/2003">
  <ItemGroup>
    <Filter Include="include">
      <UniqueIdentifier>{2c7226d8-d746-42e5-b9c3-717d3f7c18f8}</UniqueIdentifier>
    </Filter>
    <Filter Include="source">
      <UniqueIdentifier>{866829ab-d5c3-4bfb-afc6-1c28ee553a28}</UniqueIdentifier>
    </Filter>
  </ItemGroup>
  <ItemGroup>
    <ClCompile Include="source\main.cpp">
      <Filter>source</Filter>
    </ClCompile>
  </ItemGroup>
  <ItemGroup>
    <ClInclude Include="include\Type.h">
      <Filter>include</Filter>
    </ClInclude>
    <ClInclude Include="include\Register.h">
      <Filter>include</Filter>
    </ClInclude>
  </ItemGroup>
</Project>