<?xml version="1.0" encoding="utf-8"?>
<Project ToolsVersion="4.0" xmlns="http://schemas.microsoft.com/developer/msbuild/2003">
  <ItemGroup>
    <Filter Include="include">
      <UniqueIdentifier>{24db0a4c-5f86-489b-93e7-43b7791268f4}</UniqueIdentifier>
    </Filter>
    <Filter Include="source">
      <UniqueIdentifier>{90e60a68-6d0d-44b9-b462-af54b2ab7784}</UniqueIdentifier>
    </Filter>
  </ItemGroup>
  <ItemGroup>
    <ClInclude Include="include\Type.h">
      <Filter>include</Filter>
    </ClInclude>
    <ClInclude Include="include\Register.h">
      <Filter>include</Filter>
    </ClInclude>
    <ClInclude Include="include\Registry.h">
      <Filter>include</Filter>
    </ClInclude>
  </ItemGroup>
  <ItemGroup>
    <ClCompile Include="source\Type.cpp">
      <Filter>source</Filter>
    </ClCompile>
    <ClCompile Include="source\Registry.cpp">
      <Filter>source</Filter>
    </ClCompile>
  </ItemGroup>
</Project>