<?xml version="1.0" encoding="utf-8"?>
<Project ToolsVersion="4.0" xmlns="http://schemas.microsoft.com/developer/msbuild/2003">
  <ItemGroup>
    <Filter Include="include">
      <UniqueIdentifier>{24db0a4c-5f86-489b-93e7-43b7791268f4}</UniqueIdentifier>
    </Filter>
    <Filter Include="source">
      <UniqueIdentifier>{90e60a68-6d0d-44b9-b462-af54b2ab7784}</UniqueIdentifier>
    </Filter>
    <Filter Include="include\details">
      <UniqueIdentifier>{cff008f8-ed8c-413c-80a1-19cb97a5b253}</UniqueIdentifier>
    </Filter>
    <Filter Include="source\details">
      <UniqueIdentifier>{1c468833-fec4-46b9-80d6-92eb776edf6d}</UniqueIdentifier>
    </Filter>
    <Filter Include="include\details\inline">
      <UniqueIdentifier>{cb8b1d7a-5d6e-4954-b340-77cf32b93732}</UniqueIdentifier>
    </Filter>
  </ItemGroup>
  <ItemGroup>
    <ClInclude Include="include\register.h">
      <Filter>include</Filter>
    </ClInclude>
    <ClInclude Include="include\type.h">
      <Filter>include</Filter>
    </ClInclude>
    <ClInclude Include="include\details\registry.h">
      <Filter>include\details</Filter>
    </ClInclude>
    <ClInclude Include="include\property.h">
      <Filter>include</Filter>
    </ClInclude>
    <ClInclude Include="include\variant.h">
      <Filter>include</Filter>
    </ClInclude>
    <ClInclude Include="include\factory.h">
      <Filter>include</Filter>
    </ClInclude>
    <ClInclude Include="include\registration.h">
      <Filter>include</Filter>
    </ClInclude>
    <ClInclude Include="include\type_info.h">
      <Filter>include</Filter>
    </ClInclude>
    <ClInclude Include="include\serializer.h">
      <Filter>include</Filter>
    </ClInclude>
    <ClInclude Include="include\instance.h">
      <Filter>include</Filter>
    </ClInclude>
    <ClInclude Include="include\argument.h">
      <Filter>include</Filter>
    </ClInclude>
    <ClInclude Include="include\variant_sequencial_view.h">
      <Filter>include</Filter>
    </ClInclude>
    <ClInclude Include="include\details\hasher.hpp">
      <Filter>include\details</Filter>
    </ClInclude>
    <ClInclude Include="include\details\macros.h">
      <Filter>include\details</Filter>
    </ClInclude>
    <ClInclude Include="include\details\platform.h">
      <Filter>include\details</Filter>
    </ClInclude>
    <ClInclude Include="include\details\type_traits.h">
      <Filter>include\details</Filter>
    </ClInclude>
    <ClInclude Include="include\details\utilities.hpp">
      <Filter>include\details</Filter>
    </ClInclude>
    <ClInclude Include="include\details\property_data.h">
      <Filter>include\details</Filter>
    </ClInclude>
    <ClInclude Include="include\details\specifiers.h">
      <Filter>include\details</Filter>
    </ClInclude>
    <ClInclude Include="include\details\type_data.h">
      <Filter>include\details</Filter>
    </ClInclude>
    <ClInclude Include="include\details\factory_data.h">
      <Filter>include\details</Filter>
    </ClInclude>
    <ClInclude Include="include\details\type_info_data.h">
      <Filter>include\details</Filter>
    </ClInclude>
    <ClInclude Include="include\details\forward.h">
      <Filter>include\details</Filter>
    </ClInclude>
    <ClInclude Include="include\details\log.hpp">
      <Filter>include\details</Filter>
    </ClInclude>
    <ClInclude Include="include\details\variant_data.h">
      <Filter>include\details</Filter>
    </ClInclude>
  </ItemGroup>
  <ItemGroup>
    <ClCompile Include="source\type.cpp">
      <Filter>source</Filter>
    </ClCompile>
    <ClCompile Include="source\details\registry.cpp">
      <Filter>source\details</Filter>
    </ClCompile>
    <ClCompile Include="source\variant.cpp">
      <Filter>source</Filter>
    </ClCompile>
    <ClCompile Include="source\property.cpp">
      <Filter>source</Filter>
    </ClCompile>
    <ClCompile Include="source\serializer.cpp">
      <Filter>source</Filter>
    </ClCompile>
    <ClCompile Include="source\argument.cpp">
      <Filter>source</Filter>
    </ClCompile>
    <ClCompile Include="source\variant_sequencial_view.cpp">
      <Filter>source</Filter>
    </ClCompile>
    <ClCompile Include="source\instance.cpp">
      <Filter>source</Filter>
    </ClCompile>
    <ClCompile Include="source\registration.cpp">
      <Filter>source</Filter>
    </ClCompile>
    <ClCompile Include="source\factory.cpp">
      <Filter>source</Filter>
    </ClCompile>
    <ClCompile Include="source\type_info.cpp">
      <Filter>source</Filter>
    </ClCompile>
  </ItemGroup>
  <ItemGroup>
    <None Include="include\details\inline\registry.inl">
      <Filter>include\details\inline</Filter>
    </None>
    <None Include="include\details\inline\factory.inl">
      <Filter>include\details\inline</Filter>
    </None>
    <None Include="include\details\inline\registration.inl">
      <Filter>include\details\inline</Filter>
    </None>
    <None Include="include\details\inline\type_info.inl">
      <Filter>include\details\inline</Filter>
    </None>
    <None Include="include\details\inline\variant.inl">
      <Filter>include\details\inline</Filter>
    </None>
    <None Include="include\details\inline\type.inl">
      <Filter>include\details\inline</Filter>
    </None>
    <None Include="include\details\inline\instance.inl">
      <Filter>include\details\inline</Filter>
    </None>
    <None Include="include\details\inline\argument.inl">
      <Filter>include\details\inline</Filter>
    </None>
  </ItemGroup>
</Project>